
Microsoft Visual Studio Solution File, Format Version 12.00
# Visual Studio Version 17
VisualStudioVersion = 17.7.34031.279
MinimumVisualStudioVersion = 10.0.40219.1
Project("{FAE04EC0-301F-11D3-BF4B-00C04F79EFBC}") = "Regularexpression", "Regularexpression\Regularexpression.csproj", "{D1F23094-EDF5-4ACA-B32B-506679D0825A}"
EndProject
Global
	GlobalSection(SolutionConfigurationPlatforms) = preSolution
		Debug|Any CPU = Debug|Any CPU
		Release|Any CPU = Release|Any CPU
	EndGlobalSection
	GlobalSection(ProjectConfigurationPlatforms) = postSolution
		{D1F23094-EDF5-4ACA-B32B-506679D0825A}.Debug|Any CPU.ActiveCfg = Debug|Any CPU
		{D1F23094-EDF5-4ACA-B32B-506679D0825A}.Debug|Any CPU.Build.0 = Debug|Any CPU
		{D1F23094-EDF5-4ACA-B32B-506679D0825A}.Release|Any CPU.ActiveCfg = Release|Any CPU
		{D1F23094-EDF5-4ACA-B32B-506679D0825A}.Release|Any CPU.Build.0 = Release|Any CPU
	EndGlobalSection
	GlobalSection(SolutionProperties) = preSolution
		HideSolutionNode = FALSE
	EndGlobalSection
	GlobalSection(ExtensibilityGlobals) = postSolution
		SolutionGuid = {7ABFA6D1-5894-4962-AF2A-916338B146E3}
	EndGlobalSection
EndGlobal
